
Microsoft Visual Studio Solution File, Format Version 12.00
# Visual Studio Version 17
VisualStudioVersion = 17.0.31912.275
MinimumVisualStudioVersion = 10.0.40219.1
Project("{9A19103F-16F7-4668-BE54-9A1E7A4F7556}") = "Mile.NanaZipProjectXmlGenerator", "Mile.NanaZipProjectXmlGenerator\Mile.NanaZipProjectXmlGenerator.csproj", "{64B00AA0-0D36-469D-803D-E50C3131E748}"
EndProject
Project("{9A19103F-16F7-4668-BE54-9A1E7A4F7556}") = "Mile.ConvertFilesToUtf8Bom", "Mile.ConvertFilesToUtf8Bom\Mile.ConvertFilesToUtf8Bom.csproj", "{8809CC2E-34D5-40CB-833E-C120DE4B8D59}"
EndProject
Global
	GlobalSection(SolutionConfigurationPlatforms) = preSolution
		Debug|Any CPU = Debug|Any CPU
		Release|Any CPU = Release|Any CPU
	EndGlobalSection
	GlobalSection(ProjectConfigurationPlatforms) = postSolution
		{64B00AA0-0D36-469D-803D-E50C3131E748}.Debug|Any CPU.ActiveCfg = Debug|Any CPU
		{64B00AA0-0D36-469D-803D-E50C3131E748}.Debug|Any CPU.Build.0 = Debug|Any CPU
		{64B00AA0-0D36-469D-803D-E50C3131E748}.Release|Any CPU.ActiveCfg = Release|Any CPU
		{64B00AA0-0D36-469D-803D-E50C3131E748}.Release|Any CPU.Build.0 = Release|Any CPU
		{8809CC2E-34D5-40CB-833E-C120DE4B8D59}.Debug|Any CPU.ActiveCfg = Debug|Any CPU
		{8809CC2E-34D5-40CB-833E-C120DE4B8D59}.Debug|Any CPU.Build.0 = Debug|Any CPU
		{8809CC2E-34D5-40CB-833E-C120DE4B8D59}.Release|Any CPU.ActiveCfg = Release|Any CPU
		{8809CC2E-34D5-40CB-833E-C120DE4B8D59}.Release|Any CPU.Build.0 = Release|Any CPU
	EndGlobalSection
	GlobalSection(SolutionProperties) = preSolution
		HideSolutionNode = FALSE
	EndGlobalSection
	GlobalSection(ExtensibilityGlobals) = postSolution
		SolutionGuid = {5BEFA502-2C1C-4581-8060-4051459742E4}
	EndGlobalSection
EndGlobal
