
Microsoft Visual Studio Solution File, Format Version 12.00
# Visual Studio Version 16
VisualStudioVersion = 16.0.31729.503
MinimumVisualStudioVersion = 10.0.40219.1
Project("{9A19103F-16F7-4668-BE54-9A1E7A4F7556}") = "Mile.Net", "Mile.Net\Mile.Net.csproj", "{EF20B5C7-B1C0-49A2-96A9-25C48C3ED847}"
EndProject
Project("{9A19103F-16F7-4668-BE54-9A1E7A4F7556}") = "Mile.LvglProjectXmlGenerator", "Mile.LvglProjectXmlGenerator\Mile.LvglProjectXmlGenerator.csproj", "{DF06E5A5-5C19-4937-9117-E06C4F7ECC6E}"
EndProject
Project("{FAE04EC0-301F-11D3-BF4B-00C04F79EFBC}") = "Mile.ModernProjectAssetsGenerator", "Mile.ModernProjectAssetsGenerator\Mile.ModernProjectAssetsGenerator.csproj", "{7782BA5F-6F8E-4963-A75A-A67EDE3CBD37}"
EndProject
Global
	GlobalSection(SolutionConfigurationPlatforms) = preSolution
		Debug|Any CPU = Debug|Any CPU
		Release|Any CPU = Release|Any CPU
	EndGlobalSection
	GlobalSection(ProjectConfigurationPlatforms) = postSolution
		{EF20B5C7-B1C0-49A2-96A9-25C48C3ED847}.Debug|Any CPU.ActiveCfg = Debug|Any CPU
		{EF20B5C7-B1C0-49A2-96A9-25C48C3ED847}.Debug|Any CPU.Build.0 = Debug|Any CPU
		{EF20B5C7-B1C0-49A2-96A9-25C48C3ED847}.Release|Any CPU.ActiveCfg = Release|Any CPU
		{EF20B5C7-B1C0-49A2-96A9-25C48C3ED847}.Release|Any CPU.Build.0 = Release|Any CPU
		{DF06E5A5-5C19-4937-9117-E06C4F7ECC6E}.Debug|Any CPU.ActiveCfg = Debug|Any CPU
		{DF06E5A5-5C19-4937-9117-E06C4F7ECC6E}.Debug|Any CPU.Build.0 = Debug|Any CPU
		{DF06E5A5-5C19-4937-9117-E06C4F7ECC6E}.Release|Any CPU.ActiveCfg = Release|Any CPU
		{DF06E5A5-5C19-4937-9117-E06C4F7ECC6E}.Release|Any CPU.Build.0 = Release|Any CPU
		{7782BA5F-6F8E-4963-A75A-A67EDE3CBD37}.Debug|Any CPU.ActiveCfg = Debug|Any CPU
		{7782BA5F-6F8E-4963-A75A-A67EDE3CBD37}.Debug|Any CPU.Build.0 = Debug|Any CPU
		{7782BA5F-6F8E-4963-A75A-A67EDE3CBD37}.Release|Any CPU.ActiveCfg = Release|Any CPU
		{7782BA5F-6F8E-4963-A75A-A67EDE3CBD37}.Release|Any CPU.Build.0 = Release|Any CPU
	EndGlobalSection
	GlobalSection(SolutionProperties) = preSolution
		HideSolutionNode = FALSE
	EndGlobalSection
	GlobalSection(ExtensibilityGlobals) = postSolution
		SolutionGuid = {5BEFA502-2C1C-4581-8060-4051459742E4}
	EndGlobalSection
EndGlobal
